
Microsoft Visual Studio Solution File, Format Version 12.00
# Visual Studio Version 17
VisualStudioVersion = 17.11.35303.130
MinimumVisualStudioVersion = 10.0.40219.1
Project("{2150E333-8FDC-42A3-9474-1A3956D46DE8}") = "Application", "Application", "{16CE5F27-2D9F-4714-A727-B05622C9C5B4}"
EndProject
Project("{2150E333-8FDC-42A3-9474-1A3956D46DE8}") = "Domain", "Domain", "{CA4ABCF3-87BF-454A-A332-8D5FA1DC51E7}"
EndProject
Project("{2150E333-8FDC-42A3-9474-1A3956D46DE8}") = "_Apps", "_Apps", "{2E1945CA-C43A-471E-9DDC-C9DDF15B450D}"
EndProject
Project("{9A19103F-16F7-4668-BE54-9A1E7A4F7556}") = "CT.Domain", "Domain\CT.Domain\CT.Domain.csproj", "{7944AF15-F771-4C76-96A8-F15322D5B75A}"
EndProject
Project("{9A19103F-16F7-4668-BE54-9A1E7A4F7556}") = "CT.Application", "Application\CT.Application\CT.Application.csproj", "{F9094C68-5B4C-4D17-BC89-1CEF6B675896}"
EndProject
Project("{9A19103F-16F7-4668-BE54-9A1E7A4F7556}") = "CT.Application.Abstractions", "Application\CT.Application.Abstractions\CT.Application.Abstractions.csproj", "{642D5DE2-A4B3-4252-ADC6-EE54FC728083}"
EndProject
Project("{2150E333-8FDC-42A3-9474-1A3956D46DE8}") = "Repository", "Repository", "{02EA681E-C7D8-13C7-8484-4AC65E1B71E8}"
EndProject
Project("{FAE04EC0-301F-11D3-BF4B-00C04F79EFBC}") = "CT.Repository", "Repository\CT.Repository\CT.Repository.csproj", "{3979C456-546A-4646-AD7C-6FACD4AA767B}"
EndProject
Project("{FAE04EC0-301F-11D3-BF4B-00C04F79EFBC}") = "CT.Domain.Abstractions", "Domain\CT.Domain.Abstractions\CT.Domain.Abstractions.csproj", "{6D32E3A4-AD10-4150-98FB-0D19A8EA7729}"
EndProject
Project("{FAE04EC0-301F-11D3-BF4B-00C04F79EFBC}") = "CT.Repository.Executor", "Repository\CT.Repository.Executor\CT.Repository.Executor.csproj", "{0BBBFD50-DEEF-4857-A532-91F26A76E1A3}"
EndProject
Project("{2150E333-8FDC-42A3-9474-1A3956D46DE8}") = "Solution Items", "Solution Items", "{8EC462FD-D22E-90A8-E5CE-7E832BA40C5D}"
	ProjectSection(SolutionItems) = preProject
		.editorconfig = .editorconfig
		..\documentation\CT Gadgets Application - Tech Challenge V2.docx = ..\documentation\CT Gadgets Application - Tech Challenge V2.docx
		README.md = README.md
		Sql\Seed.sql = Sql\Seed.sql
	EndProjectSection
EndProject
Project("{FAE04EC0-301F-11D3-BF4B-00C04F79EFBC}") = "CT.Repository.Abstractions", "Repository\CT.Repository.Abstractions\CT.Repository.Abstractions.csproj", "{2B517604-4DAF-43C6-99A5-FB0DA77B9C49}"
EndProject
Project("{2150E333-8FDC-42A3-9474-1A3956D46DE8}") = "Tests", "Tests", "{035C74F6-2EFB-44C1-9438-C93C7233159E}"
EndProject
Project("{FAE04EC0-301F-11D3-BF4B-00C04F79EFBC}") = "CT.Tests", "Tests\CT.Tests\CT.Tests.csproj", "{F70F3FA1-2D50-405C-86B0-EA26B74A73EB}"
EndProject
Project("{FAE04EC0-301F-11D3-BF4B-00C04F79EFBC}") = "CT.Repository.IS", "Repository\CT.Repository.IS\CT.Repository.IS.csproj", "{697E49EC-5227-4B2D-8681-F8FAA51E8718}"
EndProject
Project("{FAE04EC0-301F-11D3-BF4B-00C04F79EFBC}") = "CT.Gadgets.FunctionApp", "_Apps\CT.Gadgets.FunctionApp\CT.Gadgets.FunctionApp.csproj", "{5C3E7268-EC39-4E5D-8030-9FA8F11530BC}"
EndProject
Global
	GlobalSection(SolutionConfigurationPlatforms) = preSolution
		Debug|Any CPU = Debug|Any CPU
		Release|Any CPU = Release|Any CPU
	EndGlobalSection
	GlobalSection(ProjectConfigurationPlatforms) = postSolution
		{7944AF15-F771-4C76-96A8-F15322D5B75A}.Debug|Any CPU.ActiveCfg = Debug|Any CPU
		{7944AF15-F771-4C76-96A8-F15322D5B75A}.Debug|Any CPU.Build.0 = Debug|Any CPU
		{7944AF15-F771-4C76-96A8-F15322D5B75A}.Release|Any CPU.ActiveCfg = Release|Any CPU
		{7944AF15-F771-4C76-96A8-F15322D5B75A}.Release|Any CPU.Build.0 = Release|Any CPU
		{F9094C68-5B4C-4D17-BC89-1CEF6B675896}.Debug|Any CPU.ActiveCfg = Debug|Any CPU
		{F9094C68-5B4C-4D17-BC89-1CEF6B675896}.Debug|Any CPU.Build.0 = Debug|Any CPU
		{F9094C68-5B4C-4D17-BC89-1CEF6B675896}.Release|Any CPU.ActiveCfg = Release|Any CPU
		{F9094C68-5B4C-4D17-BC89-1CEF6B675896}.Release|Any CPU.Build.0 = Release|Any CPU
		{642D5DE2-A4B3-4252-ADC6-EE54FC728083}.Debug|Any CPU.ActiveCfg = Debug|Any CPU
		{642D5DE2-A4B3-4252-ADC6-EE54FC728083}.Debug|Any CPU.Build.0 = Debug|Any CPU
		{642D5DE2-A4B3-4252-ADC6-EE54FC728083}.Release|Any CPU.ActiveCfg = Release|Any CPU
		{642D5DE2-A4B3-4252-ADC6-EE54FC728083}.Release|Any CPU.Build.0 = Release|Any CPU
		{3979C456-546A-4646-AD7C-6FACD4AA767B}.Debug|Any CPU.ActiveCfg = Debug|Any CPU
		{3979C456-546A-4646-AD7C-6FACD4AA767B}.Debug|Any CPU.Build.0 = Debug|Any CPU
		{3979C456-546A-4646-AD7C-6FACD4AA767B}.Release|Any CPU.ActiveCfg = Release|Any CPU
		{3979C456-546A-4646-AD7C-6FACD4AA767B}.Release|Any CPU.Build.0 = Release|Any CPU
		{6D32E3A4-AD10-4150-98FB-0D19A8EA7729}.Debug|Any CPU.ActiveCfg = Debug|Any CPU
		{6D32E3A4-AD10-4150-98FB-0D19A8EA7729}.Debug|Any CPU.Build.0 = Debug|Any CPU
		{6D32E3A4-AD10-4150-98FB-0D19A8EA7729}.Release|Any CPU.ActiveCfg = Release|Any CPU
		{6D32E3A4-AD10-4150-98FB-0D19A8EA7729}.Release|Any CPU.Build.0 = Release|Any CPU
		{0BBBFD50-DEEF-4857-A532-91F26A76E1A3}.Debug|Any CPU.ActiveCfg = Debug|Any CPU
		{0BBBFD50-DEEF-4857-A532-91F26A76E1A3}.Debug|Any CPU.Build.0 = Debug|Any CPU
		{0BBBFD50-DEEF-4857-A532-91F26A76E1A3}.Release|Any CPU.ActiveCfg = Release|Any CPU
		{0BBBFD50-DEEF-4857-A532-91F26A76E1A3}.Release|Any CPU.Build.0 = Release|Any CPU
		{2B517604-4DAF-43C6-99A5-FB0DA77B9C49}.Debug|Any CPU.ActiveCfg = Debug|Any CPU
		{2B517604-4DAF-43C6-99A5-FB0DA77B9C49}.Debug|Any CPU.Build.0 = Debug|Any CPU
		{2B517604-4DAF-43C6-99A5-FB0DA77B9C49}.Release|Any CPU.ActiveCfg = Release|Any CPU
		{2B517604-4DAF-43C6-99A5-FB0DA77B9C49}.Release|Any CPU.Build.0 = Release|Any CPU
		{F70F3FA1-2D50-405C-86B0-EA26B74A73EB}.Debug|Any CPU.ActiveCfg = Debug|Any CPU
		{F70F3FA1-2D50-405C-86B0-EA26B74A73EB}.Debug|Any CPU.Build.0 = Debug|Any CPU
		{F70F3FA1-2D50-405C-86B0-EA26B74A73EB}.Release|Any CPU.ActiveCfg = Release|Any CPU
		{F70F3FA1-2D50-405C-86B0-EA26B74A73EB}.Release|Any CPU.Build.0 = Release|Any CPU
		{697E49EC-5227-4B2D-8681-F8FAA51E8718}.Debug|Any CPU.ActiveCfg = Debug|Any CPU
		{697E49EC-5227-4B2D-8681-F8FAA51E8718}.Debug|Any CPU.Build.0 = Debug|Any CPU
		{697E49EC-5227-4B2D-8681-F8FAA51E8718}.Release|Any CPU.ActiveCfg = Release|Any CPU
		{697E49EC-5227-4B2D-8681-F8FAA51E8718}.Release|Any CPU.Build.0 = Release|Any CPU
		{5C3E7268-EC39-4E5D-8030-9FA8F11530BC}.Debug|Any CPU.ActiveCfg = Debug|Any CPU
		{5C3E7268-EC39-4E5D-8030-9FA8F11530BC}.Debug|Any CPU.Build.0 = Debug|Any CPU
		{5C3E7268-EC39-4E5D-8030-9FA8F11530BC}.Release|Any CPU.ActiveCfg = Release|Any CPU
		{5C3E7268-EC39-4E5D-8030-9FA8F11530BC}.Release|Any CPU.Build.0 = Release|Any CPU
	EndGlobalSection
	GlobalSection(SolutionProperties) = preSolution
		HideSolutionNode = FALSE
	EndGlobalSection
	GlobalSection(NestedProjects) = preSolution
		{7944AF15-F771-4C76-96A8-F15322D5B75A} = {CA4ABCF3-87BF-454A-A332-8D5FA1DC51E7}
		{F9094C68-5B4C-4D17-BC89-1CEF6B675896} = {16CE5F27-2D9F-4714-A727-B05622C9C5B4}
		{642D5DE2-A4B3-4252-ADC6-EE54FC728083} = {16CE5F27-2D9F-4714-A727-B05622C9C5B4}
		{3979C456-546A-4646-AD7C-6FACD4AA767B} = {02EA681E-C7D8-13C7-8484-4AC65E1B71E8}
		{6D32E3A4-AD10-4150-98FB-0D19A8EA7729} = {CA4ABCF3-87BF-454A-A332-8D5FA1DC51E7}
		{0BBBFD50-DEEF-4857-A532-91F26A76E1A3} = {02EA681E-C7D8-13C7-8484-4AC65E1B71E8}
		{2B517604-4DAF-43C6-99A5-FB0DA77B9C49} = {02EA681E-C7D8-13C7-8484-4AC65E1B71E8}
		{F70F3FA1-2D50-405C-86B0-EA26B74A73EB} = {035C74F6-2EFB-44C1-9438-C93C7233159E}
		{697E49EC-5227-4B2D-8681-F8FAA51E8718} = {02EA681E-C7D8-13C7-8484-4AC65E1B71E8}
		{5C3E7268-EC39-4E5D-8030-9FA8F11530BC} = {2E1945CA-C43A-471E-9DDC-C9DDF15B450D}
	EndGlobalSection
	GlobalSection(ExtensibilityGlobals) = postSolution
		SolutionGuid = {5858EA68-EEE3-4441-9269-51DEEFFFCA05}
	EndGlobalSection
EndGlobal
